
Microsoft Visual Studio Solution File, Format Version 12.00
# Visual Studio Version 16
VisualStudioVersion = 16.0.30523.141
MinimumVisualStudioVersion = 10.0.40219.1
Project("{9A19103F-16F7-4668-BE54-9A1E7A4F7556}") = "ECommerce.Api.Products", "ECommerce.Api.Products\ECommerce.Api.Products.csproj", "{94273C4B-1BC4-498C-AA73-6CA929939976}"
EndProject
Project("{9A19103F-16F7-4668-BE54-9A1E7A4F7556}") = "ECommerce.Api.Customers", "ECommerce.Api.Customers\ECommerce.Api.Customers.csproj", "{37F5F62E-0F1E-40CD-93FE-6918A41A787C}"
EndProject
Project("{9A19103F-16F7-4668-BE54-9A1E7A4F7556}") = "ECommerce.Api.Orders", "ECommerce.Api.Orders\ECommerce.Api.Orders.csproj", "{D516420A-9FF2-405E-B3DA-C96D2960F221}"
EndProject
Project("{9A19103F-16F7-4668-BE54-9A1E7A4F7556}") = "ECommerce.Api.Search", "ECommerce.Api.Search\ECommerce.Api.Search.csproj", "{788BAB50-94F7-49AA-A694-1E9E848EDE53}"
EndProject
Project("{FAE04EC0-301F-11D3-BF4B-00C04F79EFBC}") = "ECommerce.Api.Products.Tests", "ECommerce.Api.Products.Tests\ECommerce.Api.Products.Tests.csproj", "{0550B235-F1F7-4822-B947-002CC5A99ABF}"
EndProject
Global
	GlobalSection(SolutionConfigurationPlatforms) = preSolution
		Debug|Any CPU = Debug|Any CPU
		Release|Any CPU = Release|Any CPU
	EndGlobalSection
	GlobalSection(ProjectConfigurationPlatforms) = postSolution
		{94273C4B-1BC4-498C-AA73-6CA929939976}.Debug|Any CPU.ActiveCfg = Debug|Any CPU
		{94273C4B-1BC4-498C-AA73-6CA929939976}.Debug|Any CPU.Build.0 = Debug|Any CPU
		{94273C4B-1BC4-498C-AA73-6CA929939976}.Release|Any CPU.ActiveCfg = Release|Any CPU
		{94273C4B-1BC4-498C-AA73-6CA929939976}.Release|Any CPU.Build.0 = Release|Any CPU
		{37F5F62E-0F1E-40CD-93FE-6918A41A787C}.Debug|Any CPU.ActiveCfg = Debug|Any CPU
		{37F5F62E-0F1E-40CD-93FE-6918A41A787C}.Debug|Any CPU.Build.0 = Debug|Any CPU
		{37F5F62E-0F1E-40CD-93FE-6918A41A787C}.Release|Any CPU.ActiveCfg = Release|Any CPU
		{37F5F62E-0F1E-40CD-93FE-6918A41A787C}.Release|Any CPU.Build.0 = Release|Any CPU
		{D516420A-9FF2-405E-B3DA-C96D2960F221}.Debug|Any CPU.ActiveCfg = Debug|Any CPU
		{D516420A-9FF2-405E-B3DA-C96D2960F221}.Debug|Any CPU.Build.0 = Debug|Any CPU
		{D516420A-9FF2-405E-B3DA-C96D2960F221}.Release|Any CPU.ActiveCfg = Release|Any CPU
		{D516420A-9FF2-405E-B3DA-C96D2960F221}.Release|Any CPU.Build.0 = Release|Any CPU
		{788BAB50-94F7-49AA-A694-1E9E848EDE53}.Debug|Any CPU.ActiveCfg = Debug|Any CPU
		{788BAB50-94F7-49AA-A694-1E9E848EDE53}.Debug|Any CPU.Build.0 = Debug|Any CPU
		{788BAB50-94F7-49AA-A694-1E9E848EDE53}.Release|Any CPU.ActiveCfg = Release|Any CPU
		{788BAB50-94F7-49AA-A694-1E9E848EDE53}.Release|Any CPU.Build.0 = Release|Any CPU
		{0550B235-F1F7-4822-B947-002CC5A99ABF}.Debug|Any CPU.ActiveCfg = Debug|Any CPU
		{0550B235-F1F7-4822-B947-002CC5A99ABF}.Debug|Any CPU.Build.0 = Debug|Any CPU
		{0550B235-F1F7-4822-B947-002CC5A99ABF}.Release|Any CPU.ActiveCfg = Release|Any CPU
		{0550B235-F1F7-4822-B947-002CC5A99ABF}.Release|Any CPU.Build.0 = Release|Any CPU
	EndGlobalSection
	GlobalSection(SolutionProperties) = preSolution
		HideSolutionNode = FALSE
	EndGlobalSection
	GlobalSection(ExtensibilityGlobals) = postSolution
		SolutionGuid = {5F9DE2E8-42D9-4E03-A6B8-FE4B66894510}
	EndGlobalSection
EndGlobal
